
Microsoft Visual Studio Solution File, Format Version 12.00
# Visual Studio Version 16
VisualStudioVersion = 16.0.29411.108
MinimumVisualStudioVersion = 10.0.40219.1
Project("{2150E333-8FDC-42A3-9474-1A3956D46DE8}") = "1. Services", "1. Services", "{2B4623D8-C84D-44D8-9880-70A391323BF8}"
EndProject
Project("{2150E333-8FDC-42A3-9474-1A3956D46DE8}") = "2. Application", "2. Application", "{948582B5-BF98-4A7E-B343-651872794DED}"
EndProject
Project("{2150E333-8FDC-42A3-9474-1A3956D46DE8}") = "3. Domain", "3. Domain", "{0BBD4388-4E65-4F9F-88E7-982C6D999721}"
EndProject
Project("{2150E333-8FDC-42A3-9474-1A3956D46DE8}") = "4. Infra", "4. Infra", "{86EAA16E-B70B-4588-97F0-02C6AB0AFD6C}"
EndProject
Project("{2150E333-8FDC-42A3-9474-1A3956D46DE8}") = "4.1 Data", "4.1 Data", "{8B0BC473-1A80-4BDC-B763-B87A0D772459}"
EndProject
Project("{2150E333-8FDC-42A3-9474-1A3956D46DE8}") = "4.2 CrossCutting", "4.2 CrossCutting", "{EC726938-B77D-4AC9-8133-95674D32CD7A}"
EndProject
Project("{2150E333-8FDC-42A3-9474-1A3956D46DE8}") = "5. Tests", "5. Tests", "{2846AFD7-AD49-4427-8541-FACBC9834D5D}"
EndProject
Project("{9A19103F-16F7-4668-BE54-9A1E7A4F7556}") = "Thor.Domain.NF", "src\Thor.Domain.NF\Thor.Domain.NF.csproj", "{B437B9F7-D89D-4E95-A33C-22E3C2DB8EEA}"
EndProject
Project("{9A19103F-16F7-4668-BE54-9A1E7A4F7556}") = "Thor.Domain.Shared", "Src\Thor.Domain.Shared\Thor.Domain.Shared.csproj", "{90B20994-6BC1-4854-99F0-48F155D45FAC}"
EndProject
Project("{9A19103F-16F7-4668-BE54-9A1E7A4F7556}") = "Thor.Infra.Data", "src\Thor.Infra.Data\Thor.Infra.Data.csproj", "{681EB55F-CA2E-4475-8905-D8C709D777B5}"
EndProject
Project("{9A19103F-16F7-4668-BE54-9A1E7A4F7556}") = "Thor.Infra.CrossCutting", "src\Thor.Infra.CrossCutting\Thor.Infra.CrossCutting.csproj", "{22792648-A155-4CCA-B475-BA8782669E99}"
EndProject
Project("{9A19103F-16F7-4668-BE54-9A1E7A4F7556}") = "Thor.Infra.CrossCutting.IoC", "src\Thor.Infra.CrossCutting.IoC\Thor.Infra.CrossCutting.IoC.csproj", "{37BD35BC-939C-43CA-B86F-CAA65A567E18}"
EndProject
Project("{2150E333-8FDC-42A3-9474-1A3956D46DE8}") = "0. Presentation", "0. Presentation", "{35CA6362-C6F4-4991-AA99-47779DC5A831}"
EndProject
Project("{9A19103F-16F7-4668-BE54-9A1E7A4F7556}") = "Thor.Application.NF", "src\Thor.Application.NF\Thor.Application.NF.csproj", "{B51C5C37-7028-44F1-9EC6-2233881BD413}"
EndProject
Global
	GlobalSection(SolutionConfigurationPlatforms) = preSolution
		Debug|Any CPU = Debug|Any CPU
		Release|Any CPU = Release|Any CPU
	EndGlobalSection
	GlobalSection(ProjectConfigurationPlatforms) = postSolution
		{B437B9F7-D89D-4E95-A33C-22E3C2DB8EEA}.Debug|Any CPU.ActiveCfg = Debug|Any CPU
		{B437B9F7-D89D-4E95-A33C-22E3C2DB8EEA}.Debug|Any CPU.Build.0 = Debug|Any CPU
		{B437B9F7-D89D-4E95-A33C-22E3C2DB8EEA}.Release|Any CPU.ActiveCfg = Release|Any CPU
		{B437B9F7-D89D-4E95-A33C-22E3C2DB8EEA}.Release|Any CPU.Build.0 = Release|Any CPU
		{90B20994-6BC1-4854-99F0-48F155D45FAC}.Debug|Any CPU.ActiveCfg = Debug|Any CPU
		{90B20994-6BC1-4854-99F0-48F155D45FAC}.Debug|Any CPU.Build.0 = Debug|Any CPU
		{90B20994-6BC1-4854-99F0-48F155D45FAC}.Release|Any CPU.ActiveCfg = Release|Any CPU
		{90B20994-6BC1-4854-99F0-48F155D45FAC}.Release|Any CPU.Build.0 = Release|Any CPU
		{681EB55F-CA2E-4475-8905-D8C709D777B5}.Debug|Any CPU.ActiveCfg = Debug|Any CPU
		{681EB55F-CA2E-4475-8905-D8C709D777B5}.Debug|Any CPU.Build.0 = Debug|Any CPU
		{681EB55F-CA2E-4475-8905-D8C709D777B5}.Release|Any CPU.ActiveCfg = Release|Any CPU
		{681EB55F-CA2E-4475-8905-D8C709D777B5}.Release|Any CPU.Build.0 = Release|Any CPU
		{22792648-A155-4CCA-B475-BA8782669E99}.Debug|Any CPU.ActiveCfg = Debug|Any CPU
		{22792648-A155-4CCA-B475-BA8782669E99}.Debug|Any CPU.Build.0 = Debug|Any CPU
		{22792648-A155-4CCA-B475-BA8782669E99}.Release|Any CPU.ActiveCfg = Release|Any CPU
		{22792648-A155-4CCA-B475-BA8782669E99}.Release|Any CPU.Build.0 = Release|Any CPU
		{37BD35BC-939C-43CA-B86F-CAA65A567E18}.Debug|Any CPU.ActiveCfg = Debug|Any CPU
		{37BD35BC-939C-43CA-B86F-CAA65A567E18}.Debug|Any CPU.Build.0 = Debug|Any CPU
		{37BD35BC-939C-43CA-B86F-CAA65A567E18}.Release|Any CPU.ActiveCfg = Release|Any CPU
		{37BD35BC-939C-43CA-B86F-CAA65A567E18}.Release|Any CPU.Build.0 = Release|Any CPU
		{B51C5C37-7028-44F1-9EC6-2233881BD413}.Debug|Any CPU.ActiveCfg = Debug|Any CPU
		{B51C5C37-7028-44F1-9EC6-2233881BD413}.Debug|Any CPU.Build.0 = Debug|Any CPU
		{B51C5C37-7028-44F1-9EC6-2233881BD413}.Release|Any CPU.ActiveCfg = Release|Any CPU
		{B51C5C37-7028-44F1-9EC6-2233881BD413}.Release|Any CPU.Build.0 = Release|Any CPU
	EndGlobalSection
	GlobalSection(SolutionProperties) = preSolution
		HideSolutionNode = FALSE
	EndGlobalSection
	GlobalSection(NestedProjects) = preSolution
		{8B0BC473-1A80-4BDC-B763-B87A0D772459} = {86EAA16E-B70B-4588-97F0-02C6AB0AFD6C}
		{EC726938-B77D-4AC9-8133-95674D32CD7A} = {86EAA16E-B70B-4588-97F0-02C6AB0AFD6C}
		{B437B9F7-D89D-4E95-A33C-22E3C2DB8EEA} = {0BBD4388-4E65-4F9F-88E7-982C6D999721}
		{90B20994-6BC1-4854-99F0-48F155D45FAC} = {0BBD4388-4E65-4F9F-88E7-982C6D999721}
		{681EB55F-CA2E-4475-8905-D8C709D777B5} = {8B0BC473-1A80-4BDC-B763-B87A0D772459}
		{22792648-A155-4CCA-B475-BA8782669E99} = {EC726938-B77D-4AC9-8133-95674D32CD7A}
		{37BD35BC-939C-43CA-B86F-CAA65A567E18} = {EC726938-B77D-4AC9-8133-95674D32CD7A}
		{B51C5C37-7028-44F1-9EC6-2233881BD413} = {948582B5-BF98-4A7E-B343-651872794DED}
	EndGlobalSection
	GlobalSection(ExtensibilityGlobals) = postSolution
		SolutionGuid = {8C595C1A-A415-4F39-B9FB-B84A69A597B8}
	EndGlobalSection
EndGlobal
